
Microsoft Visual Studio Solution File, Format Version 12.00
# Visual Studio Version 16
VisualStudioVersion = 16.0.30907.101
MinimumVisualStudioVersion = 10.0.40219.1
Project("{FAE04EC0-301F-11D3-BF4B-00C04F79EFBC}") = "AlphaS_Web", "AlphaS_Web\AlphaS_Web.csproj", "{255FA362-7FFE-4C2E-BA00-DC0273E3719E}"
EndProject
Global
	GlobalSection(SolutionConfigurationPlatforms) = preSolution
		Debug|Any CPU = Debug|Any CPU
		Release|Any CPU = Release|Any CPU
	EndGlobalSection
	GlobalSection(ProjectConfigurationPlatforms) = postSolution
		{255FA362-7FFE-4C2E-BA00-DC0273E3719E}.Debug|Any CPU.ActiveCfg = Debug|Any CPU
		{255FA362-7FFE-4C2E-BA00-DC0273E3719E}.Debug|Any CPU.Build.0 = Debug|Any CPU
		{255FA362-7FFE-4C2E-BA00-DC0273E3719E}.Release|Any CPU.ActiveCfg = Release|Any CPU
		{255FA362-7FFE-4C2E-BA00-DC0273E3719E}.Release|Any CPU.Build.0 = Release|Any CPU
	EndGlobalSection
	GlobalSection(SolutionProperties) = preSolution
		HideSolutionNode = FALSE
	EndGlobalSection
	GlobalSection(ExtensibilityGlobals) = postSolution
		SolutionGuid = {70A2432B-CD16-4879-ACD7-88512865E343}
	EndGlobalSection
EndGlobal
